Microsoft Visual Studio Solution File, Format Version 12.00
# Visual Studio 14
VisualStudioVersion = 14.0.25420.1
MinimumVisualStudioVersion = 10.0.40219.1
Project("{FAE04EC0-301F-11D3-BF4B-00C04F79EFBC}") = "Mabiavalon.DockNC", "Mabiavalon.DockNC\Mabiavalon.DockNC.csproj", "{60FB1E66-2691-453C-918C-38FE5BEB83A4}"
EndProject
Project("{FAE04EC0-301F-11D3-BF4B-00C04F79EFBC}") = "DockTestApplication", "DockTestApplication\DockTestApplication.csproj", "{11CD7E4B-EC04-4715-A92D-56953B15E2B5}"
EndProject
Global
	GlobalSection(SolutionConfigurationPlatforms) = preSolution
		Debug|Any CPU = Debug|Any CPU
		Release|Any CPU = Release|Any CPU
	EndGlobalSection
	GlobalSection(ProjectConfigurationPlatforms) = postSolution
		{60FB1E66-2691-453C-918C-38FE5BEB83A4}.Debug|Any CPU.ActiveCfg = Debug|Any CPU
		{60FB1E66-2691-453C-918C-38FE5BEB83A4}.Debug|Any CPU.Build.0 = Debug|Any CPU
		{60FB1E66-2691-453C-918C-38FE5BEB83A4}.Release|Any CPU.ActiveCfg = Release|Any CPU
		{60FB1E66-2691-453C-918C-38FE5BEB83A4}.Release|Any CPU.Build.0 = Release|Any CPU
		{11CD7E4B-EC04-4715-A92D-56953B15E2B5}.Debug|Any CPU.ActiveCfg = Debug|Any CPU
		{11CD7E4B-EC04-4715-A92D-56953B15E2B5}.Debug|Any CPU.Build.0 = Debug|Any CPU
		{11CD7E4B-EC04-4715-A92D-56953B15E2B5}.Release|Any CPU.ActiveCfg = Release|Any CPU
		{11CD7E4B-EC04-4715-A92D-56953B15E2B5}.Release|Any CPU.Build.0 = Release|Any CPU
	EndGlobalSection
	GlobalSection(SolutionProperties) = preSolution
		HideSolutionNode = FALSE
	EndGlobalSection
EndGlobal
