
Microsoft Visual Studio Solution File, Format Version 12.00
# Visual Studio 2012
Project("{FAE04EC0-301F-11D3-BF4B-00C04F79EFBC}") = "Mabiavalon.DockNC", "Mabiavalon.DockNC\Mabiavalon.DockNC.csproj", "{60FB1E66-2691-453C-918C-38FE5BEB83A4}"
EndProject
Global
	GlobalSection(SolutionConfigurationPlatforms) = preSolution
		Debug|Any CPU = Debug|Any CPU
		Release|Any CPU = Release|Any CPU
	EndGlobalSection
	GlobalSection(ProjectConfigurationPlatforms) = postSolution
		{60FB1E66-2691-453C-918C-38FE5BEB83A4}.Debug|Any CPU.ActiveCfg = Debug|Any CPU
		{60FB1E66-2691-453C-918C-38FE5BEB83A4}.Debug|Any CPU.Build.0 = Debug|Any CPU
		{60FB1E66-2691-453C-918C-38FE5BEB83A4}.Release|Any CPU.ActiveCfg = Release|Any CPU
		{60FB1E66-2691-453C-918C-38FE5BEB83A4}.Release|Any CPU.Build.0 = Release|Any CPU
	EndGlobalSection
EndGlobal
